
Microsoft Visual Studio Solution File, Format Version 12.00
# Visual Studio Version 17
VisualStudioVersion = 17.0.31903.59
MinimumVisualStudioVersion = 10.0.40219.1
Project("{FAE04EC0-301F-11D3-BF4B-00C04F79EFBC}") = "ApplicationCore", "ApplicationCore\ApplicationCore.csproj", "{79B21A18-73F2-4E7A-911E-DD7365F331DE}"
EndProject
Project("{FAE04EC0-301F-11D3-BF4B-00C04F79EFBC}") = "Infrastructure", "Infrastructure\Infrastructure.csproj", "{C907F398-B9D2-42A1-8F73-1ACF0F75B2E8}"
EndProject
Project("{FAE04EC0-301F-11D3-BF4B-00C04F79EFBC}") = "MvcProject", "MvcProject\MvcProject.csproj", "{0D4A65A9-9D7A-4048-B78B-B98A746E7479}"
EndProject
Project("{FAE04EC0-301F-11D3-BF4B-00C04F79EFBC}") = "consoleToWeb", "consoleToWeb\consoleToWeb.csproj", "{8D9DE677-08EC-44D0-BDAC-391F0DD66667}"
EndProject
Global
	GlobalSection(SolutionConfigurationPlatforms) = preSolution
		Debug|Any CPU = Debug|Any CPU
		Release|Any CPU = Release|Any CPU
	EndGlobalSection
	GlobalSection(SolutionProperties) = preSolution
		HideSolutionNode = FALSE
	EndGlobalSection
	GlobalSection(ProjectConfigurationPlatforms) = postSolution
		{79B21A18-73F2-4E7A-911E-DD7365F331DE}.Debug|Any CPU.ActiveCfg = Debug|Any CPU
		{79B21A18-73F2-4E7A-911E-DD7365F331DE}.Debug|Any CPU.Build.0 = Debug|Any CPU
		{79B21A18-73F2-4E7A-911E-DD7365F331DE}.Release|Any CPU.ActiveCfg = Release|Any CPU
		{79B21A18-73F2-4E7A-911E-DD7365F331DE}.Release|Any CPU.Build.0 = Release|Any CPU
		{C907F398-B9D2-42A1-8F73-1ACF0F75B2E8}.Debug|Any CPU.ActiveCfg = Debug|Any CPU
		{C907F398-B9D2-42A1-8F73-1ACF0F75B2E8}.Debug|Any CPU.Build.0 = Debug|Any CPU
		{C907F398-B9D2-42A1-8F73-1ACF0F75B2E8}.Release|Any CPU.ActiveCfg = Release|Any CPU
		{C907F398-B9D2-42A1-8F73-1ACF0F75B2E8}.Release|Any CPU.Build.0 = Release|Any CPU
		{0D4A65A9-9D7A-4048-B78B-B98A746E7479}.Debug|Any CPU.ActiveCfg = Debug|Any CPU
		{0D4A65A9-9D7A-4048-B78B-B98A746E7479}.Debug|Any CPU.Build.0 = Debug|Any CPU
		{0D4A65A9-9D7A-4048-B78B-B98A746E7479}.Release|Any CPU.ActiveCfg = Release|Any CPU
		{0D4A65A9-9D7A-4048-B78B-B98A746E7479}.Release|Any CPU.Build.0 = Release|Any CPU
		{8D9DE677-08EC-44D0-BDAC-391F0DD66667}.Debug|Any CPU.ActiveCfg = Debug|Any CPU
		{8D9DE677-08EC-44D0-BDAC-391F0DD66667}.Debug|Any CPU.Build.0 = Debug|Any CPU
		{8D9DE677-08EC-44D0-BDAC-391F0DD66667}.Release|Any CPU.ActiveCfg = Release|Any CPU
		{8D9DE677-08EC-44D0-BDAC-391F0DD66667}.Release|Any CPU.Build.0 = Release|Any CPU
	EndGlobalSection
EndGlobal
